// !$*UTF8*$!
{
	archiveVersion = 1;
	classes = {
	};
	objectVersion = 56;
	objects = {

/* Begin PBXBuildFile section */
		A51AF3162BE8B33800A7B4AD /* LoginPageViewModelTests.swift in Sources */ = {isa = PBXBuildFile; fileRef = A51AF3152BE8B33800A7B4AD /* LoginPageViewModelTests.swift */; };
		A51AF3182BE8B37600A7B4AD /* MockedLoginSignupNetworkAdapter.swift in Sources */ = {isa = PBXBuildFile; fileRef = A51AF3172BE8B37600A7B4AD /* MockedLoginSignupNetworkAdapter.swift */; };
		A51AF31B2BE8B50200A7B4AD /* Router.swift in Sources */ = {isa = PBXBuildFile; fileRef = A51AF31A2BE8B50200A7B4AD /* Router.swift */; };
		A51AF31C2BE8B50200A7B4AD /* Router.swift in Sources */ = {isa = PBXBuildFile; fileRef = A51AF31A2BE8B50200A7B4AD /* Router.swift */; };
		A51AF3202BE8BD7000A7B4AD /* ViewExtension.swift in Sources */ = {isa = PBXBuildFile; fileRef = A547C4A72BE4747D00272BB6 /* ViewExtension.swift */; };
		A51AF3232BE8BEF800A7B4AD /* SignupPageViewModelTests.swift in Sources */ = {isa = PBXBuildFile; fileRef = A51AF3222BE8BEF800A7B4AD /* SignupPageViewModelTests.swift */; };
		A547C4492BE3BFE200272BB6 /* SneakerverseV2App.swift in Sources */ = {isa = PBXBuildFile; fileRef = A547C4482BE3BFE200272BB6 /* SneakerverseV2App.swift */; };
		A547C44D2BE3BFE500272BB6 /* Assets.xcassets in Resources */ = {isa = PBXBuildFile; fileRef = A547C44C2BE3BFE500272BB6 /* Assets.xcassets */; };
		A547C4502BE3BFE500272BB6 /* Preview Assets.xcassets in Resources */ = {isa = PBXBuildFile; fileRef = A547C44F2BE3BFE500272BB6 /* Preview Assets.xcassets */; };
		A547C4742BE44D1300272BB6 /* FirebaseAuth in Frameworks */ = {isa = PBXBuildFile; productRef = A547C4732BE44D1300272BB6 /* FirebaseAuth */; };
		A547C4762BE44D1300272BB6 /* FirebaseFirestore in Frameworks */ = {isa = PBXBuildFile; productRef = A547C4752BE44D1300272BB6 /* FirebaseFirestore */; };
		A547C4792BE44D7900272BB6 /* GoogleSignIn in Frameworks */ = {isa = PBXBuildFile; productRef = A547C4782BE44D7900272BB6 /* GoogleSignIn */; };
		A547C47B2BE44D7900272BB6 /* GoogleSignInSwift in Frameworks */ = {isa = PBXBuildFile; productRef = A547C47A2BE44D7900272BB6 /* GoogleSignInSwift */; };
		A547C47D2BE44DD000272BB6 /* GoogleService-Info.plist in Resources */ = {isa = PBXBuildFile; fileRef = A547C47C2BE44DD000272BB6 /* GoogleService-Info.plist */; };
		A547C4802BE44EC100272BB6 /* OnboardingPage.swift in Sources */ = {isa = PBXBuildFile; fileRef = A547C47F2BE44EC100272BB6 /* OnboardingPage.swift */; };
		A547C4832BE44EFF00272BB6 /* OnboardingPageViewModel.swift in Sources */ = {isa = PBXBuildFile; fileRef = A547C4822BE44EFF00272BB6 /* OnboardingPageViewModel.swift */; };
		A547C4842BE44EFF00272BB6 /* OnboardingPageViewModel.swift in Sources */ = {isa = PBXBuildFile; fileRef = A547C4822BE44EFF00272BB6 /* OnboardingPageViewModel.swift */; };
		A547C4852BE44F1200272BB6 /* OnboardingPage.swift in Sources */ = {isa = PBXBuildFile; fileRef = A547C47F2BE44EC100272BB6 /* OnboardingPage.swift */; };
		A547C48B2BE44F9C00272BB6 /* Styleguide.swift in Sources */ = {isa = PBXBuildFile; fileRef = A547C48A2BE44F9C00272BB6 /* Styleguide.swift */; };
		A547C48C2BE44F9C00272BB6 /* Styleguide.swift in Sources */ = {isa = PBXBuildFile; fileRef = A547C48A2BE44F9C00272BB6 /* Styleguide.swift */; };
		A547C48F2BE44FEE00272BB6 /* PrimaryButton.swift in Sources */ = {isa = PBXBuildFile; fileRef = A547C48E2BE44FEE00272BB6 /* PrimaryButton.swift */; };
		A547C4902BE44FEE00272BB6 /* PrimaryButton.swift in Sources */ = {isa = PBXBuildFile; fileRef = A547C48E2BE44FEE00272BB6 /* PrimaryButton.swift */; };
		A547C4922BE4503100272BB6 /* SecondaryButton.swift in Sources */ = {isa = PBXBuildFile; fileRef = A547C4912BE4503100272BB6 /* SecondaryButton.swift */; };
		A547C4932BE4503100272BB6 /* SecondaryButton.swift in Sources */ = {isa = PBXBuildFile; fileRef = A547C4912BE4503100272BB6 /* SecondaryButton.swift */; };
		A547C4982BE4548100272BB6 /* SignupPage.swift in Sources */ = {isa = PBXBuildFile; fileRef = A547C4972BE4548100272BB6 /* SignupPage.swift */; };
		A547C4992BE4548100272BB6 /* SignupPage.swift in Sources */ = {isa = PBXBuildFile; fileRef = A547C4972BE4548100272BB6 /* SignupPage.swift */; };
		A547C49C2BE454CD00272BB6 /* SignupPageViewModel.swift in Sources */ = {isa = PBXBuildFile; fileRef = A547C49B2BE454CD00272BB6 /* SignupPageViewModel.swift */; };
		A547C49D2BE454CD00272BB6 /* SignupPageViewModel.swift in Sources */ = {isa = PBXBuildFile; fileRef = A547C49B2BE454CD00272BB6 /* SignupPageViewModel.swift */; };
		A547C49F2BE4564A00272BB6 /* AppDelegate.swift in Sources */ = {isa = PBXBuildFile; fileRef = A547C49E2BE4564A00272BB6 /* AppDelegate.swift */; };
		A547C4A02BE4564A00272BB6 /* AppDelegate.swift in Sources */ = {isa = PBXBuildFile; fileRef = A547C49E2BE4564A00272BB6 /* AppDelegate.swift */; };
		A547C4A22BE456E700272BB6 /* PageHeader.swift in Sources */ = {isa = PBXBuildFile; fileRef = A547C4A12BE456E700272BB6 /* PageHeader.swift */; };
		A547C4A32BE456E700272BB6 /* PageHeader.swift in Sources */ = {isa = PBXBuildFile; fileRef = A547C4A12BE456E700272BB6 /* PageHeader.swift */; };
		A547C4A52BE4570B00272BB6 /* BasicInputField.swift in Sources */ = {isa = PBXBuildFile; fileRef = A547C4A42BE4570B00272BB6 /* BasicInputField.swift */; };
		A547C4A62BE4570B00272BB6 /* BasicInputField.swift in Sources */ = {isa = PBXBuildFile; fileRef = A547C4A42BE4570B00272BB6 /* BasicInputField.swift */; };
		A547C4A82BE4747D00272BB6 /* ViewExtension.swift in Sources */ = {isa = PBXBuildFile; fileRef = A547C4A72BE4747D00272BB6 /* ViewExtension.swift */; };
		A547C4AC2BE55AA600272BB6 /* LoginPage.swift in Sources */ = {isa = PBXBuildFile; fileRef = A547C4AB2BE55AA600272BB6 /* LoginPage.swift */; };
		A547C4AD2BE55AA600272BB6 /* LoginPage.swift in Sources */ = {isa = PBXBuildFile; fileRef = A547C4AB2BE55AA600272BB6 /* LoginPage.swift */; };
		A547C4AF2BE55AD800272BB6 /* LoginPageViewModel.swift in Sources */ = {isa = PBXBuildFile; fileRef = A547C4AE2BE55AD800272BB6 /* LoginPageViewModel.swift */; };
		A547C4B02BE55AD800272BB6 /* LoginPageViewModel.swift in Sources */ = {isa = PBXBuildFile; fileRef = A547C4AE2BE55AD800272BB6 /* LoginPageViewModel.swift */; };
		A547C4B22BE55BCD00272BB6 /* LoginSignupNetworkAdapter.swift in Sources */ = {isa = PBXBuildFile; fileRef = A547C4B12BE55BCD00272BB6 /* LoginSignupNetworkAdapter.swift */; };
		A547C4B32BE55BCD00272BB6 /* LoginSignupNetworkAdapter.swift in Sources */ = {isa = PBXBuildFile; fileRef = A547C4B12BE55BCD00272BB6 /* LoginSignupNetworkAdapter.swift */; };
		A55DAC322BE9749500E1822B /* HomePage.swift in Sources */ = {isa = PBXBuildFile; fileRef = A55DAC312BE9749500E1822B /* HomePage.swift */; };
		A55DAC342BE974C100E1822B /* HomePageViewModel.swift in Sources */ = {isa = PBXBuildFile; fileRef = A55DAC332BE974C100E1822B /* HomePageViewModel.swift */; };
		A55DAC352BE974C100E1822B /* HomePageViewModel.swift in Sources */ = {isa = PBXBuildFile; fileRef = A55DAC332BE974C100E1822B /* HomePageViewModel.swift */; };
		A55DAC3D2BE976E000E1822B /* CalendarPage.swift in Sources */ = {isa = PBXBuildFile; fileRef = A55DAC3C2BE976E000E1822B /* CalendarPage.swift */; };
		A55DAC3E2BE976E000E1822B /* CalendarPage.swift in Sources */ = {isa = PBXBuildFile; fileRef = A55DAC3C2BE976E000E1822B /* CalendarPage.swift */; };
		A55DAC402BE976F900E1822B /* CalendarPageViewModel.swift in Sources */ = {isa = PBXBuildFile; fileRef = A55DAC3F2BE976F900E1822B /* CalendarPageViewModel.swift */; };
		A55DAC412BE976F900E1822B /* CalendarPageViewModel.swift in Sources */ = {isa = PBXBuildFile; fileRef = A55DAC3F2BE976F900E1822B /* CalendarPageViewModel.swift */; };
		A55DAC432BE9771200E1822B /* NewsPage.swift in Sources */ = {isa = PBXBuildFile; fileRef = A55DAC422BE9771200E1822B /* NewsPage.swift */; };
		A55DAC442BE9771200E1822B /* NewsPage.swift in Sources */ = {isa = PBXBuildFile; fileRef = A55DAC422BE9771200E1822B /* NewsPage.swift */; };
		A55DAC462BE9772B00E1822B /* NewsPageViewModel.swift in Sources */ = {isa = PBXBuildFile; fileRef = A55DAC452BE9772B00E1822B /* NewsPageViewModel.swift */; };
		A55DAC472BE9772B00E1822B /* NewsPageViewModel.swift in Sources */ = {isa = PBXBuildFile; fileRef = A55DAC452BE9772B00E1822B /* NewsPageViewModel.swift */; };
		A55DAC492BE9775700E1822B /* AccountPage.swift in Sources */ = {isa = PBXBuildFile; fileRef = A55DAC482BE9775700E1822B /* AccountPage.swift */; };
		A55DAC4A2BE9775700E1822B /* AccountPage.swift in Sources */ = {isa = PBXBuildFile; fileRef = A55DAC482BE9775700E1822B /* AccountPage.swift */; };
		A55DAC4C2BE9777000E1822B /* AccountPageViewModel.swift in Sources */ = {isa = PBXBuildFile; fileRef = A55DAC4B2BE9777000E1822B /* AccountPageViewModel.swift */; };
		A55DAC4D2BE9777000E1822B /* AccountPageViewModel.swift in Sources */ = {isa = PBXBuildFile; fileRef = A55DAC4B2BE9777000E1822B /* AccountPageViewModel.swift */; };
		A55DAC512BE9814F00E1822B /* CarouselView.swift in Sources */ = {isa = PBXBuildFile; fileRef = A55DAC502BE9814F00E1822B /* CarouselView.swift */; };
		A55DAC532BE9818700E1822B /* OnboardingContent.swift in Sources */ = {isa = PBXBuildFile; fileRef = A55DAC522BE9818700E1822B /* OnboardingContent.swift */; };
		A55DAC542BEA26BC00E1822B /* CarouselView.swift in Sources */ = {isa = PBXBuildFile; fileRef = A55DAC502BE9814F00E1822B /* CarouselView.swift */; };
		A55DAC552BEA26C100E1822B /* OnboardingContent.swift in Sources */ = {isa = PBXBuildFile; fileRef = A55DAC522BE9818700E1822B /* OnboardingContent.swift */; };
		A55DAC562BEA26F900E1822B /* HomePage.swift in Sources */ = {isa = PBXBuildFile; fileRef = A55DAC312BE9749500E1822B /* HomePage.swift */; };
		A55DAC572BEA278900E1822B /* Assets.xcassets in Resources */ = {isa = PBXBuildFile; fileRef = A547C44C2BE3BFE500272BB6 /* Assets.xcassets */; };
		A5BFF5A82BEE39FA00346373 /* OnboardingNetworkAdapter.swift in Sources */ = {isa = PBXBuildFile; fileRef = A5BFF5A72BEE39FA00346373 /* OnboardingNetworkAdapter.swift */; };
		A5BFF5AB2BEE3AC900346373 /* SwiftDotenv in Frameworks */ = {isa = PBXBuildFile; productRef = A5BFF5AA2BEE3AC900346373 /* SwiftDotenv */; };
		A5BFF5AE2BEE3E4A00346373 /* Alamofire in Frameworks */ = {isa = PBXBuildFile; productRef = A5BFF5AD2BEE3E4A00346373 /* Alamofire */; };
/* End PBXBuildFile section */

/* Begin PBXContainerItemProxy section */
		A547C4562BE3BFE500272BB6 /* PBXContainerItemProxy */ = {
			isa = PBXContainerItemProxy;
			containerPortal = A547C43D2BE3BFE200272BB6 /* Project object */;
			proxyType = 1;
			remoteGlobalIDString = A547C4442BE3BFE200272BB6;
			remoteInfo = SneakerverseV2;
		};
/* End PBXContainerItemProxy section */

/* Begin PBXFileReference section */
		A51AF3152BE8B33800A7B4AD /* LoginPageViewModelTests.swift */ = {isa = PBXFileReference; lastKnownFileType = sourcecode.swift; path = LoginPageViewModelTests.swift; sourceTree = "<group>"; };
		A51AF3172BE8B37600A7B4AD /* MockedLoginSignupNetworkAdapter.swift */ = {isa = PBXFileReference; lastKnownFileType = sourcecode.swift; path = MockedLoginSignupNetworkAdapter.swift; sourceTree = "<group>"; };
		A51AF31A2BE8B50200A7B4AD /* Router.swift */ = {isa = PBXFileReference; lastKnownFileType = sourcecode.swift; path = Router.swift; sourceTree = "<group>"; };
		A51AF3222BE8BEF800A7B4AD /* SignupPageViewModelTests.swift */ = {isa = PBXFileReference; lastKnownFileType = sourcecode.swift; path = SignupPageViewModelTests.swift; sourceTree = "<group>"; };
		A547C4452BE3BFE200272BB6 /* SneakerverseV2.app */ = {isa = PBXFileReference; explicitFileType = wrapper.application; includeInIndex = 0; path = SneakerverseV2.app; sourceTree = BUILT_PRODUCTS_DIR; };
		A547C4482BE3BFE200272BB6 /* SneakerverseV2App.swift */ = {isa = PBXFileReference; lastKnownFileType = sourcecode.swift; path = SneakerverseV2App.swift; sourceTree = "<group>"; };
		A547C44C2BE3BFE500272BB6 /* Assets.xcassets */ = {isa = PBXFileReference; lastKnownFileType = folder.assetcatalog; path = Assets.xcassets; sourceTree = "<group>"; };
		A547C44F2BE3BFE500272BB6 /* Preview Assets.xcassets */ = {isa = PBXFileReference; lastKnownFileType = folder.assetcatalog; path = "Preview Assets.xcassets"; sourceTree = "<group>"; };
		A547C4552BE3BFE500272BB6 /* SneakerverseV2Tests.xctest */ = {isa = PBXFileReference; explicitFileType = wrapper.cfbundle; includeInIndex = 0; path = SneakerverseV2Tests.xctest; sourceTree = BUILT_PRODUCTS_DIR; };
		A547C47C2BE44DD000272BB6 /* GoogleService-Info.plist */ = {isa = PBXFileReference; fileEncoding = 4; lastKnownFileType = text.plist.xml; name = "GoogleService-Info.plist"; path = "../../GoogleService-Info.plist"; sourceTree = "<group>"; };
		A547C47F2BE44EC100272BB6 /* OnboardingPage.swift */ = {isa = PBXFileReference; lastKnownFileType = sourcecode.swift; path = OnboardingPage.swift; sourceTree = "<group>"; };
		A547C4822BE44EFF00272BB6 /* OnboardingPageViewModel.swift */ = {isa = PBXFileReference; lastKnownFileType = sourcecode.swift; path = OnboardingPageViewModel.swift; sourceTree = "<group>"; };
		A547C48A2BE44F9C00272BB6 /* Styleguide.swift */ = {isa = PBXFileReference; lastKnownFileType = sourcecode.swift; path = Styleguide.swift; sourceTree = "<group>"; };
		A547C48E2BE44FEE00272BB6 /* PrimaryButton.swift */ = {isa = PBXFileReference; lastKnownFileType = sourcecode.swift; path = PrimaryButton.swift; sourceTree = "<group>"; };
		A547C4912BE4503100272BB6 /* SecondaryButton.swift */ = {isa = PBXFileReference; lastKnownFileType = sourcecode.swift; path = SecondaryButton.swift; sourceTree = "<group>"; };
		A547C4972BE4548100272BB6 /* SignupPage.swift */ = {isa = PBXFileReference; lastKnownFileType = sourcecode.swift; path = SignupPage.swift; sourceTree = "<group>"; };
		A547C49B2BE454CD00272BB6 /* SignupPageViewModel.swift */ = {isa = PBXFileReference; lastKnownFileType = sourcecode.swift; path = SignupPageViewModel.swift; sourceTree = "<group>"; };
		A547C49E2BE4564A00272BB6 /* AppDelegate.swift */ = {isa = PBXFileReference; lastKnownFileType = sourcecode.swift; path = AppDelegate.swift; sourceTree = "<group>"; };
		A547C4A12BE456E700272BB6 /* PageHeader.swift */ = {isa = PBXFileReference; lastKnownFileType = sourcecode.swift; path = PageHeader.swift; sourceTree = "<group>"; };
		A547C4A42BE4570B00272BB6 /* BasicInputField.swift */ = {isa = PBXFileReference; lastKnownFileType = sourcecode.swift; path = BasicInputField.swift; sourceTree = "<group>"; };
		A547C4A72BE4747D00272BB6 /* ViewExtension.swift */ = {isa = PBXFileReference; lastKnownFileType = sourcecode.swift; path = ViewExtension.swift; sourceTree = "<group>"; };
		A547C4A92BE4777700272BB6 /* Info.plist */ = {isa = PBXFileReference; lastKnownFileType = text.plist; path = Info.plist; sourceTree = "<group>"; };
		A547C4AB2BE55AA600272BB6 /* LoginPage.swift */ = {isa = PBXFileReference; lastKnownFileType = sourcecode.swift; path = LoginPage.swift; sourceTree = "<group>"; };
		A547C4AE2BE55AD800272BB6 /* LoginPageViewModel.swift */ = {isa = PBXFileReference; lastKnownFileType = sourcecode.swift; path = LoginPageViewModel.swift; sourceTree = "<group>"; };
		A547C4B12BE55BCD00272BB6 /* LoginSignupNetworkAdapter.swift */ = {isa = PBXFileReference; lastKnownFileType = sourcecode.swift; path = LoginSignupNetworkAdapter.swift; sourceTree = "<group>"; };
		A55DAC312BE9749500E1822B /* HomePage.swift */ = {isa = PBXFileReference; lastKnownFileType = sourcecode.swift; path = HomePage.swift; sourceTree = "<group>"; };
		A55DAC332BE974C100E1822B /* HomePageViewModel.swift */ = {isa = PBXFileReference; lastKnownFileType = sourcecode.swift; path = HomePageViewModel.swift; sourceTree = "<group>"; };
		A55DAC3C2BE976E000E1822B /* CalendarPage.swift */ = {isa = PBXFileReference; lastKnownFileType = sourcecode.swift; path = CalendarPage.swift; sourceTree = "<group>"; };
		A55DAC3F2BE976F900E1822B /* CalendarPageViewModel.swift */ = {isa = PBXFileReference; lastKnownFileType = sourcecode.swift; path = CalendarPageViewModel.swift; sourceTree = "<group>"; };
		A55DAC422BE9771200E1822B /* NewsPage.swift */ = {isa = PBXFileReference; lastKnownFileType = sourcecode.swift; path = NewsPage.swift; sourceTree = "<group>"; };
		A55DAC452BE9772B00E1822B /* NewsPageViewModel.swift */ = {isa = PBXFileReference; lastKnownFileType = sourcecode.swift; path = NewsPageViewModel.swift; sourceTree = "<group>"; };
		A55DAC482BE9775700E1822B /* AccountPage.swift */ = {isa = PBXFileReference; lastKnownFileType = sourcecode.swift; path = AccountPage.swift; sourceTree = "<group>"; };
		A55DAC4B2BE9777000E1822B /* AccountPageViewModel.swift */ = {isa = PBXFileReference; lastKnownFileType = sourcecode.swift; path = AccountPageViewModel.swift; sourceTree = "<group>"; };
		A55DAC502BE9814F00E1822B /* CarouselView.swift */ = {isa = PBXFileReference; lastKnownFileType = sourcecode.swift; path = CarouselView.swift; sourceTree = "<group>"; };
		A55DAC522BE9818700E1822B /* OnboardingContent.swift */ = {isa = PBXFileReference; lastKnownFileType = sourcecode.swift; path = OnboardingContent.swift; sourceTree = "<group>"; };
		A5BFF5A72BEE39FA00346373 /* OnboardingNetworkAdapter.swift */ = {isa = PBXFileReference; lastKnownFileType = sourcecode.swift; path = OnboardingNetworkAdapter.swift; sourceTree = "<group>"; };
/* End PBXFileReference section */

/* Begin PBXFrameworksBuildPhase section */
		A547C4422BE3BFE200272BB6 /* Frameworks */ = {
			isa = PBXFrameworksBuildPhase;
			buildActionMask = 2147483647;
			files = (
				A5BFF5AB2BEE3AC900346373 /* SwiftDotenv in Frameworks */,
				A547C4742BE44D1300272BB6 /* FirebaseAuth in Frameworks */,
				A547C4762BE44D1300272BB6 /* FirebaseFirestore in Frameworks */,
				A5BFF5AE2BEE3E4A00346373 /* Alamofire in Frameworks */,
				A547C4792BE44D7900272BB6 /* GoogleSignIn in Frameworks */,
				A547C47B2BE44D7900272BB6 /* GoogleSignInSwift in Frameworks */,
			);
			runOnlyForDeploymentPostprocessing = 0;
		};
		A547C4522BE3BFE500272BB6 /* Frameworks */ = {
			isa = PBXFrameworksBuildPhase;
			buildActionMask = 2147483647;
			files = (
			);
			runOnlyForDeploymentPostprocessing = 0;
		};
/* End PBXFrameworksBuildPhase section */

/* Begin PBXGroup section */
		A51AF3142BE8B30700A7B4AD /* Tests */ = {
			isa = PBXGroup;
			children = (
				A51AF3152BE8B33800A7B4AD /* LoginPageViewModelTests.swift */,
				A51AF3172BE8B37600A7B4AD /* MockedLoginSignupNetworkAdapter.swift */,
			);
			path = Tests;
			sourceTree = "<group>";
		};
		A51AF3212BE8BEE500A7B4AD /* Tests */ = {
			isa = PBXGroup;
			children = (
				A51AF3222BE8BEF800A7B4AD /* SignupPageViewModelTests.swift */,
			);
			path = Tests;
			sourceTree = "<group>";
		};
		A547C43C2BE3BFE200272BB6 = {
			isa = PBXGroup;
			children = (
				A547C4472BE3BFE200272BB6 /* SneakerverseV2 */,
				A547C4462BE3BFE200272BB6 /* Products */,
			);
			sourceTree = "<group>";
		};
		A547C4462BE3BFE200272BB6 /* Products */ = {
			isa = PBXGroup;
			children = (
				A547C4452BE3BFE200272BB6 /* SneakerverseV2.app */,
				A547C4552BE3BFE500272BB6 /* SneakerverseV2Tests.xctest */,
			);
			name = Products;
			sourceTree = "<group>";
		};
		A547C4472BE3BFE200272BB6 /* SneakerverseV2 */ = {
			isa = PBXGroup;
			children = (
				A55DAC302BE9748100E1822B /* HomePage */,
				A547C4A92BE4777700272BB6 /* Info.plist */,
				A547C4AA2BE55A7200272BB6 /* LoginPage */,
				A547C49A2BE4548800272BB6 /* SignupPage */,
				A547C47E2BE44E7700272BB6 /* OnboardingPage */,
				A547C4482BE3BFE200272BB6 /* SneakerverseV2App.swift */,
				A547C49E2BE4564A00272BB6 /* AppDelegate.swift */,
				A547C44C2BE3BFE500272BB6 /* Assets.xcassets */,
				A547C47C2BE44DD000272BB6 /* GoogleService-Info.plist */,
				A547C48D2BE44FD700272BB6 /* Components */,
				A547C4862BE44F6500272BB6 /* Utilities */,
				A547C44E2BE3BFE500272BB6 /* Preview Content */,
			);
			path = SneakerverseV2;
			sourceTree = "<group>";
		};
		A547C44E2BE3BFE500272BB6 /* Preview Content */ = {
			isa = PBXGroup;
			children = (
				A547C44F2BE3BFE500272BB6 /* Preview Assets.xcassets */,
			);
			path = "Preview Content";
			sourceTree = "<group>";
		};
		A547C47E2BE44E7700272BB6 /* OnboardingPage */ = {
			isa = PBXGroup;
			children = (
				A55DAC4E2BE9811200E1822B /* CarouselView */,
				A547C47F2BE44EC100272BB6 /* OnboardingPage.swift */,
				A547C4822BE44EFF00272BB6 /* OnboardingPageViewModel.swift */,
				A5BFF5A72BEE39FA00346373 /* OnboardingNetworkAdapter.swift */,
				A55DAC522BE9818700E1822B /* OnboardingContent.swift */,
			);
			path = OnboardingPage;
			sourceTree = "<group>";
		};
		A547C4862BE44F6500272BB6 /* Utilities */ = {
			isa = PBXGroup;
			children = (
				A547C48A2BE44F9C00272BB6 /* Styleguide.swift */,
				A547C4A12BE456E700272BB6 /* PageHeader.swift */,
				A547C4A72BE4747D00272BB6 /* ViewExtension.swift */,
				A51AF31A2BE8B50200A7B4AD /* Router.swift */,
			);
			path = Utilities;
			sourceTree = "<group>";
		};
		A547C48D2BE44FD700272BB6 /* Components */ = {
			isa = PBXGroup;
			children = (
				A547C48E2BE44FEE00272BB6 /* PrimaryButton.swift */,
				A547C4912BE4503100272BB6 /* SecondaryButton.swift */,
				A547C4A42BE4570B00272BB6 /* BasicInputField.swift */,
			);
			path = Components;
			sourceTree = "<group>";
		};
		A547C49A2BE4548800272BB6 /* SignupPage */ = {
			isa = PBXGroup;
			children = (
				A51AF3212BE8BEE500A7B4AD /* Tests */,
				A547C4972BE4548100272BB6 /* SignupPage.swift */,
				A547C49B2BE454CD00272BB6 /* SignupPageViewModel.swift */,
			);
			path = SignupPage;
			sourceTree = "<group>";
		};
		A547C4AA2BE55A7200272BB6 /* LoginPage */ = {
			isa = PBXGroup;
			children = (
				A51AF3142BE8B30700A7B4AD /* Tests */,
				A547C4AB2BE55AA600272BB6 /* LoginPage.swift */,
				A547C4AE2BE55AD800272BB6 /* LoginPageViewModel.swift */,
				A547C4B12BE55BCD00272BB6 /* LoginSignupNetworkAdapter.swift */,
			);
			path = LoginPage;
			sourceTree = "<group>";
		};
		A55DAC302BE9748100E1822B /* HomePage */ = {
			isa = PBXGroup;
			children = (
				A55DAC372BE976A100E1822B /* NewsPage */,
				A55DAC3B2BE976BF00E1822B /* CalendarPage */,
				A55DAC362BE9768C00E1822B /* AccountPage */,
				A55DAC312BE9749500E1822B /* HomePage.swift */,
				A55DAC332BE974C100E1822B /* HomePageViewModel.swift */,
			);
			path = HomePage;
			sourceTree = "<group>";
		};
		A55DAC362BE9768C00E1822B /* AccountPage */ = {
			isa = PBXGroup;
			children = (
				A55DAC482BE9775700E1822B /* AccountPage.swift */,
				A55DAC4B2BE9777000E1822B /* AccountPageViewModel.swift */,
			);
			path = AccountPage;
			sourceTree = "<group>";
		};
		A55DAC372BE976A100E1822B /* NewsPage */ = {
			isa = PBXGroup;
			children = (
				A55DAC422BE9771200E1822B /* NewsPage.swift */,
				A55DAC452BE9772B00E1822B /* NewsPageViewModel.swift */,
			);
			path = NewsPage;
			sourceTree = "<group>";
		};
		A55DAC3B2BE976BF00E1822B /* CalendarPage */ = {
			isa = PBXGroup;
			children = (
				A55DAC3C2BE976E000E1822B /* CalendarPage.swift */,
				A55DAC3F2BE976F900E1822B /* CalendarPageViewModel.swift */,
			);
			path = CalendarPage;
			sourceTree = "<group>";
		};
		A55DAC4E2BE9811200E1822B /* CarouselView */ = {
			isa = PBXGroup;
			children = (
				A55DAC502BE9814F00E1822B /* CarouselView.swift */,
			);
			path = CarouselView;
			sourceTree = "<group>";
		};
/* End PBXGroup section */

/* Begin PBXNativeTarget section */
		A547C4442BE3BFE200272BB6 /* SneakerverseV2 */ = {
			isa = PBXNativeTarget;
			buildConfigurationList = A547C4692BE3BFE600272BB6 /* Build configuration list for PBXNativeTarget "SneakerverseV2" */;
			buildPhases = (
				A547C4412BE3BFE200272BB6 /* Sources */,
				A547C4422BE3BFE200272BB6 /* Frameworks */,
				A547C4432BE3BFE200272BB6 /* Resources */,
			);
			buildRules = (
			);
			dependencies = (
			);
			name = SneakerverseV2;
			packageProductDependencies = (
				A547C4732BE44D1300272BB6 /* FirebaseAuth */,
				A547C4752BE44D1300272BB6 /* FirebaseFirestore */,
				A547C4782BE44D7900272BB6 /* GoogleSignIn */,
				A547C47A2BE44D7900272BB6 /* GoogleSignInSwift */,
				A5BFF5AA2BEE3AC900346373 /* SwiftDotenv */,
				A5BFF5AD2BEE3E4A00346373 /* Alamofire */,
			);
			productName = SneakerverseV2;
			productReference = A547C4452BE3BFE200272BB6 /* SneakerverseV2.app */;
			productType = "com.apple.product-type.application";
		};
		A547C4542BE3BFE500272BB6 /* SneakerverseV2Tests */ = {
			isa = PBXNativeTarget;
			buildConfigurationList = A547C46C2BE3BFE600272BB6 /* Build configuration list for PBXNativeTarget "SneakerverseV2Tests" */;
			buildPhases = (
				A547C4512BE3BFE500272BB6 /* Sources */,
				A547C4522BE3BFE500272BB6 /* Frameworks */,
				A547C4532BE3BFE500272BB6 /* Resources */,
			);
			buildRules = (
			);
			dependencies = (
				A547C4572BE3BFE500272BB6 /* PBXTargetDependency */,
			);
			name = SneakerverseV2Tests;
			productName = SneakerverseV2Tests;
			productReference = A547C4552BE3BFE500272BB6 /* SneakerverseV2Tests.xctest */;
			productType = "com.apple.product-type.bundle.unit-test";
		};
/* End PBXNativeTarget section */

/* Begin PBXProject section */
		A547C43D2BE3BFE200272BB6 /* Project object */ = {
			isa = PBXProject;
			attributes = {
				BuildIndependentTargetsInParallel = 1;
				LastSwiftUpdateCheck = 1530;
				LastUpgradeCheck = 1530;
				TargetAttributes = {
					A547C4442BE3BFE200272BB6 = {
						CreatedOnToolsVersion = 15.3;
					};
					A547C4542BE3BFE500272BB6 = {
						CreatedOnToolsVersion = 15.3;
						LastSwiftMigration = 1530;
						TestTargetID = A547C4442BE3BFE200272BB6;
					};
				};
			};
			buildConfigurationList = A547C4402BE3BFE200272BB6 /* Build configuration list for PBXProject "SneakerverseV2" */;
			compatibilityVersion = "Xcode 14.0";
			developmentRegion = en;
			hasScannedForEncodings = 0;
			knownRegions = (
				en,
				Base,
			);
			mainGroup = A547C43C2BE3BFE200272BB6;
			packageReferences = (
				A547C4722BE44D1300272BB6 /* XCRemoteSwiftPackageReference "firebase-ios-sdk" */,
				A547C4772BE44D7900272BB6 /* XCRemoteSwiftPackageReference "GoogleSignIn-iOS" */,
				A5BFF5A92BEE3AC900346373 /* XCRemoteSwiftPackageReference "swift-dotenv" */,
				A5BFF5AC2BEE3E4900346373 /* XCRemoteSwiftPackageReference "Alamofire" */,
			);
			productRefGroup = A547C4462BE3BFE200272BB6 /* Products */;
			projectDirPath = "";
			projectRoot = "";
			targets = (
				A547C4442BE3BFE200272BB6 /* SneakerverseV2 */,
				A547C4542BE3BFE500272BB6 /* SneakerverseV2Tests */,
			);
		};
/* End PBXProject section */

/* Begin PBXResourcesBuildPhase section */
		A547C4432BE3BFE200272BB6 /* Resources */ = {
			isa = PBXResourcesBuildPhase;
			buildActionMask = 2147483647;
			files = (
				A547C4502BE3BFE500272BB6 /* Preview Assets.xcassets in Resources */,
				A547C44D2BE3BFE500272BB6 /* Assets.xcassets in Resources */,
				A547C47D2BE44DD000272BB6 /* GoogleService-Info.plist in Resources */,
			);
			runOnlyForDeploymentPostprocessing = 0;
		};
		A547C4532BE3BFE500272BB6 /* Resources */ = {
			isa = PBXResourcesBuildPhase;
			buildActionMask = 2147483647;
			files = (
				A55DAC572BEA278900E1822B /* Assets.xcassets in Resources */,
			);
			runOnlyForDeploymentPostprocessing = 0;
		};
/* End PBXResourcesBuildPhase section */

/* Begin PBXSourcesBuildPhase section */
		A547C4412BE3BFE200272BB6 /* Sources */ = {
			isa = PBXSourcesBuildPhase;
			buildActionMask = 2147483647;
			files = (
				A547C4832BE44EFF00272BB6 /* OnboardingPageViewModel.swift in Sources */,
				A547C4A22BE456E700272BB6 /* PageHeader.swift in Sources */,
				A55DAC342BE974C100E1822B /* HomePageViewModel.swift in Sources */,
				A55DAC4C2BE9777000E1822B /* AccountPageViewModel.swift in Sources */,
				A547C48B2BE44F9C00272BB6 /* Styleguide.swift in Sources */,
				A547C49C2BE454CD00272BB6 /* SignupPageViewModel.swift in Sources */,
				A55DAC322BE9749500E1822B /* HomePage.swift in Sources */,
				A55DAC462BE9772B00E1822B /* NewsPageViewModel.swift in Sources */,
				A547C4A52BE4570B00272BB6 /* BasicInputField.swift in Sources */,
				A55DAC432BE9771200E1822B /* NewsPage.swift in Sources */,
				A55DAC532BE9818700E1822B /* OnboardingContent.swift in Sources */,
				A55DAC512BE9814F00E1822B /* CarouselView.swift in Sources */,
				A55DAC492BE9775700E1822B /* AccountPage.swift in Sources */,
				A55DAC3D2BE976E000E1822B /* CalendarPage.swift in Sources */,
				A5BFF5A82BEE39FA00346373 /* OnboardingNetworkAdapter.swift in Sources */,
				A547C4AF2BE55AD800272BB6 /* LoginPageViewModel.swift in Sources */,
				A547C4922BE4503100272BB6 /* SecondaryButton.swift in Sources */,
				A547C4AC2BE55AA600272BB6 /* LoginPage.swift in Sources */,
				A51AF31B2BE8B50200A7B4AD /* Router.swift in Sources */,
				A547C4A82BE4747D00272BB6 /* ViewExtension.swift in Sources */,
				A55DAC402BE976F900E1822B /* CalendarPageViewModel.swift in Sources */,
				A547C4B22BE55BCD00272BB6 /* LoginSignupNetworkAdapter.swift in Sources */,
				A547C48F2BE44FEE00272BB6 /* PrimaryButton.swift in Sources */,
				A547C4492BE3BFE200272BB6 /* SneakerverseV2App.swift in Sources */,
				A547C4982BE4548100272BB6 /* SignupPage.swift in Sources */,
				A547C49F2BE4564A00272BB6 /* AppDelegate.swift in Sources */,
				A547C4802BE44EC100272BB6 /* OnboardingPage.swift in Sources */,
			);
			runOnlyForDeploymentPostprocessing = 0;
		};
		A547C4512BE3BFE500272BB6 /* Sources */ = {
			isa = PBXSourcesBuildPhase;
			buildActionMask = 2147483647;
			files = (
				A55DAC3E2BE976E000E1822B /* CalendarPage.swift in Sources */,
				A547C4932BE4503100272BB6 /* SecondaryButton.swift in Sources */,
				A547C4842BE44EFF00272BB6 /* OnboardingPageViewModel.swift in Sources */,
				A55DAC472BE9772B00E1822B /* NewsPageViewModel.swift in Sources */,
				A55DAC552BEA26C100E1822B /* OnboardingContent.swift in Sources */,
				A547C4A02BE4564A00272BB6 /* AppDelegate.swift in Sources */,
				A547C49D2BE454CD00272BB6 /* SignupPageViewModel.swift in Sources */,
				A55DAC542BEA26BC00E1822B /* CarouselView.swift in Sources */,
				A51AF3182BE8B37600A7B4AD /* MockedLoginSignupNetworkAdapter.swift in Sources */,
				A51AF3232BE8BEF800A7B4AD /* SignupPageViewModelTests.swift in Sources */,
				A547C4902BE44FEE00272BB6 /* PrimaryButton.swift in Sources */,
				A547C4B02BE55AD800272BB6 /* LoginPageViewModel.swift in Sources */,
				A547C4B32BE55BCD00272BB6 /* LoginSignupNetworkAdapter.swift in Sources */,
				A55DAC4D2BE9777000E1822B /* AccountPageViewModel.swift in Sources */,
				A51AF31C2BE8B50200A7B4AD /* Router.swift in Sources */,
				A55DAC412BE976F900E1822B /* CalendarPageViewModel.swift in Sources */,
				A547C4AD2BE55AA600272BB6 /* LoginPage.swift in Sources */,
				A55DAC4A2BE9775700E1822B /* AccountPage.swift in Sources */,
				A55DAC352BE974C100E1822B /* HomePageViewModel.swift in Sources */,
				A55DAC562BEA26F900E1822B /* HomePage.swift in Sources */,
				A547C48C2BE44F9C00272BB6 /* Styleguide.swift in Sources */,
				A51AF3162BE8B33800A7B4AD /* LoginPageViewModelTests.swift in Sources */,
				A547C4A62BE4570B00272BB6 /* BasicInputField.swift in Sources */,
				A547C4A32BE456E700272BB6 /* PageHeader.swift in Sources */,
				A51AF3202BE8BD7000A7B4AD /* ViewExtension.swift in Sources */,
				A55DAC442BE9771200E1822B /* NewsPage.swift in Sources */,
				A547C4852BE44F1200272BB6 /* OnboardingPage.swift in Sources */,
				A547C4992BE4548100272BB6 /* SignupPage.swift in Sources */,
			);
			runOnlyForDeploymentPostprocessing = 0;
		};
/* End PBXSourcesBuildPhase section */

/* Begin PBXTargetDependency section */
		A547C4572BE3BFE500272BB6 /* PBXTargetDependency */ = {
			isa = PBXTargetDependency;
			target = A547C4442BE3BFE200272BB6 /* SneakerverseV2 */;
			targetProxy = A547C4562BE3BFE500272BB6 /* PBXContainerItemProxy */;
		};
/* End PBXTargetDependency section */

/* Begin XCBuildConfiguration section */
		A547C4672BE3BFE600272BB6 /* Debug */ = {
			isa = XCBuildConfiguration;
			buildSettings = {
				ALWAYS_SEARCH_USER_PATHS = NO;
				ASSETCATALOG_COMPILER_GENERATE_SWIFT_ASSET_SYMBOL_EXTENSIONS = YES;
				CLANG_ANALYZER_NONNULL = YES;
				CLANG_ANALYZER_NUMBER_OBJECT_CONVERSION = YES_AGGRESSIVE;
				CLANG_CXX_LANGUAGE_STANDARD = "gnu++20";
				CLANG_ENABLE_MODULES = YES;
				CLANG_ENABLE_OBJC_ARC = YES;
				CLANG_ENABLE_OBJC_WEAK = YES;
				CLANG_WARN_BLOCK_CAPTURE_AUTORELEASING = YES;
				CLANG_WARN_BOOL_CONVERSION = YES;
				CLANG_WARN_COMMA = YES;
				CLANG_WARN_CONSTANT_CONVERSION = YES;
				CLANG_WARN_DEPRECATED_OBJC_IMPLEMENTATIONS = YES;
				CLANG_WARN_DIRECT_OBJC_ISA_USAGE = YES_ERROR;
				CLANG_WARN_DOCUMENTATION_COMMENTS = YES;
				CLANG_WARN_EMPTY_BODY = YES;
				CLANG_WARN_ENUM_CONVERSION = YES;
				CLANG_WARN_INFINITE_RECURSION = YES;
				CLANG_WARN_INT_CONVERSION = YES;
				CLANG_WARN_NON_LITERAL_NULL_CONVERSION = YES;
				CLANG_WARN_OBJC_IMPLICIT_RETAIN_SELF = YES;
				CLANG_WARN_OBJC_LITERAL_CONVERSION = YES;
				CLANG_WARN_OBJC_ROOT_CLASS = YES_ERROR;
				CLANG_WARN_QUOTED_INCLUDE_IN_FRAMEWORK_HEADER = YES;
				CLANG_WARN_RANGE_LOOP_ANALYSIS = YES;
				CLANG_WARN_STRICT_PROTOTYPES = YES;
				CLANG_WARN_SUSPICIOUS_MOVE = YES;
				CLANG_WARN_UNGUARDED_AVAILABILITY = YES_AGGRESSIVE;
				CLANG_WARN_UNREACHABLE_CODE = YES;
				CLANG_WARN__DUPLICATE_METHOD_MATCH = YES;
				COPY_PHASE_STRIP = NO;
				DEBUG_INFORMATION_FORMAT = dwarf;
				ENABLE_STRICT_OBJC_MSGSEND = YES;
				ENABLE_TESTABILITY = YES;
				ENABLE_USER_SCRIPT_SANDBOXING = YES;
				GCC_C_LANGUAGE_STANDARD = gnu17;
				GCC_DYNAMIC_NO_PIC = NO;
				GCC_NO_COMMON_BLOCKS = YES;
				GCC_OPTIMIZATION_LEVEL = 0;
				GCC_PREPROCESSOR_DEFINITIONS = (
					"DEBUG=1",
					"$(inherited)",
				);
				GCC_WARN_64_TO_32_BIT_CONVERSION = YES;
				GCC_WARN_ABOUT_RETURN_TYPE = YES_ERROR;
				GCC_WARN_UNDECLARED_SELECTOR = YES;
				GCC_WARN_UNINITIALIZED_AUTOS = YES_AGGRESSIVE;
				GCC_WARN_UNUSED_FUNCTION = YES;
				GCC_WARN_UNUSED_VARIABLE = YES;
				IPHONEOS_DEPLOYMENT_TARGET = 17.4;
				LOCALIZATION_PREFERS_STRING_CATALOGS = YES;
				MTL_ENABLE_DEBUG_INFO = INCLUDE_SOURCE;
				MTL_FAST_MATH = YES;
				ONLY_ACTIVE_ARCH = YES;
				SDKROOT = iphoneos;
				SWIFT_ACTIVE_COMPILATION_CONDITIONS = "DEBUG $(inherited)";
				SWIFT_OPTIMIZATION_LEVEL = "-Onone";
			};
			name = Debug;
		};
		A547C4682BE3BFE600272BB6 /* Release */ = {
			isa = XCBuildConfiguration;
			buildSettings = {
				ALWAYS_SEARCH_USER_PATHS = NO;
				ASSETCATALOG_COMPILER_GENERATE_SWIFT_ASSET_SYMBOL_EXTENSIONS = YES;
				CLANG_ANALYZER_NONNULL = YES;
				CLANG_ANALYZER_NUMBER_OBJECT_CONVERSION = YES_AGGRESSIVE;
				CLANG_CXX_LANGUAGE_STANDARD = "gnu++20";
				CLANG_ENABLE_MODULES = YES;
				CLANG_ENABLE_OBJC_ARC = YES;
				CLANG_ENABLE_OBJC_WEAK = YES;
				CLANG_WARN_BLOCK_CAPTURE_AUTORELEASING = YES;
				CLANG_WARN_BOOL_CONVERSION = YES;
				CLANG_WARN_COMMA = YES;
				CLANG_WARN_CONSTANT_CONVERSION = YES;
				CLANG_WARN_DEPRECATED_OBJC_IMPLEMENTATIONS = YES;
				CLANG_WARN_DIRECT_OBJC_ISA_USAGE = YES_ERROR;
				CLANG_WARN_DOCUMENTATION_COMMENTS = YES;
				CLANG_WARN_EMPTY_BODY = YES;
				CLANG_WARN_ENUM_CONVERSION = YES;
				CLANG_WARN_INFINITE_RECURSION = YES;
				CLANG_WARN_INT_CONVERSION = YES;
				CLANG_WARN_NON_LITERAL_NULL_CONVERSION = YES;
				CLANG_WARN_OBJC_IMPLICIT_RETAIN_SELF = YES;
				CLANG_WARN_OBJC_LITERAL_CONVERSION = YES;
				CLANG_WARN_OBJC_ROOT_CLASS = YES_ERROR;
				CLANG_WARN_QUOTED_INCLUDE_IN_FRAMEWORK_HEADER = YES;
				CLANG_WARN_RANGE_LOOP_ANALYSIS = YES;
				CLANG_WARN_STRICT_PROTOTYPES = YES;
				CLANG_WARN_SUSPICIOUS_MOVE = YES;
				CLANG_WARN_UNGUARDED_AVAILABILITY = YES_AGGRESSIVE;
				CLANG_WARN_UNREACHABLE_CODE = YES;
				CLANG_WARN__DUPLICATE_METHOD_MATCH = YES;
				COPY_PHASE_STRIP = NO;
				DEBUG_INFORMATION_FORMAT = "dwarf-with-dsym";
				ENABLE_NS_ASSERTIONS = NO;
				ENABLE_STRICT_OBJC_MSGSEND = YES;
				ENABLE_USER_SCRIPT_SANDBOXING = YES;
				GCC_C_LANGUAGE_STANDARD = gnu17;
				GCC_NO_COMMON_BLOCKS = YES;
				GCC_WARN_64_TO_32_BIT_CONVERSION = YES;
				GCC_WARN_ABOUT_RETURN_TYPE = YES_ERROR;
				GCC_WARN_UNDECLARED_SELECTOR = YES;
				GCC_WARN_UNINITIALIZED_AUTOS = YES_AGGRESSIVE;
				GCC_WARN_UNUSED_FUNCTION = YES;
				GCC_WARN_UNUSED_VARIABLE = YES;
				IPHONEOS_DEPLOYMENT_TARGET = 17.4;
				LOCALIZATION_PREFERS_STRING_CATALOGS = YES;
				MTL_ENABLE_DEBUG_INFO = NO;
				MTL_FAST_MATH = YES;
				SDKROOT = iphoneos;
				SWIFT_COMPILATION_MODE = wholemodule;
				VALIDATE_PRODUCT = YES;
			};
			name = Release;
		};
		A547C46A2BE3BFE600272BB6 /* Debug */ = {
			isa = XCBuildConfiguration;
			buildSettings = {
				ASSETCATALOG_COMPILER_APPICON_NAME = AppIcon;
				ASSETCATALOG_COMPILER_GLOBAL_ACCENT_COLOR_NAME = AccentColor;
				CODE_SIGN_STYLE = Automatic;
				CURRENT_PROJECT_VERSION = 1;
				DEVELOPMENT_ASSET_PATHS = "\"SneakerverseV2/Preview Content\"";
				DEVELOPMENT_TEAM = ZHUB5Y443W;
				ENABLE_PREVIEWS = YES;
				GENERATE_INFOPLIST_FILE = YES;
				INFOPLIST_FILE = SneakerverseV2/Info.plist;
				INFOPLIST_KEY_UIApplicationSceneManifest_Generation = YES;
				INFOPLIST_KEY_UIApplicationSupportsIndirectInputEvents = YES;
				INFOPLIST_KEY_UILaunchScreen_Generation = YES;
				INFOPLIST_KEY_UISupportedInterfaceOrientations_iPad = "UIInterfaceOrientationPortrait UIInterfaceOrientationPortraitUpsideDown UIInterfaceOrientationLandscapeLeft UIInterfaceOrientationLandscapeRight";
				INFOPLIST_KEY_UISupportedInterfaceOrientations_iPhone = "UIInterfaceOrientationPortrait UIInterfaceOrientationLandscapeLeft UIInterfaceOrientationLandscapeRight";
				LD_RUNPATH_SEARCH_PATHS = (
					"$(inherited)",
					"@executable_path/Frameworks",
				);
				MARKETING_VERSION = 1.0;
				PRODUCT_BUNDLE_IDENTIFIER = sneakerverseV2.SneakerverseV2;
				PRODUCT_NAME = "$(TARGET_NAME)";
				SWIFT_EMIT_LOC_STRINGS = YES;
				SWIFT_VERSION = 5.0;
				TARGETED_DEVICE_FAMILY = "1,2";
			};
			name = Debug;
		};
		A547C46B2BE3BFE600272BB6 /* Release */ = {
			isa = XCBuildConfiguration;
			buildSettings = {
				ASSETCATALOG_COMPILER_APPICON_NAME = AppIcon;
				ASSETCATALOG_COMPILER_GLOBAL_ACCENT_COLOR_NAME = AccentColor;
				CODE_SIGN_STYLE = Automatic;
				CURRENT_PROJECT_VERSION = 1;
				DEVELOPMENT_ASSET_PATHS = "\"SneakerverseV2/Preview Content\"";
				DEVELOPMENT_TEAM = ZHUB5Y443W;
				ENABLE_PREVIEWS = YES;
				GENERATE_INFOPLIST_FILE = YES;
				INFOPLIST_FILE = SneakerverseV2/Info.plist;
				INFOPLIST_KEY_UIApplicationSceneManifest_Generation = YES;
				INFOPLIST_KEY_UIApplicationSupportsIndirectInputEvents = YES;
				INFOPLIST_KEY_UILaunchScreen_Generation = YES;
				INFOPLIST_KEY_UISupportedInterfaceOrientations_iPad = "UIInterfaceOrientationPortrait UIInterfaceOrientationPortraitUpsideDown UIInterfaceOrientationLandscapeLeft UIInterfaceOrientationLandscapeRight";
				INFOPLIST_KEY_UISupportedInterfaceOrientations_iPhone = "UIInterfaceOrientationPortrait UIInterfaceOrientationLandscapeLeft UIInterfaceOrientationLandscapeRight";
				LD_RUNPATH_SEARCH_PATHS = (
					"$(inherited)",
					"@executable_path/Frameworks",
				);
				MARKETING_VERSION = 1.0;
				PRODUCT_BUNDLE_IDENTIFIER = sneakerverseV2.SneakerverseV2;
				PRODUCT_NAME = "$(TARGET_NAME)";
				SWIFT_EMIT_LOC_STRINGS = YES;
				SWIFT_VERSION = 5.0;
				TARGETED_DEVICE_FAMILY = "1,2";
			};
			name = Release;
		};
		A547C46D2BE3BFE600272BB6 /* Debug */ = {
			isa = XCBuildConfiguration;
			buildSettings = {
				ALWAYS_EMBED_SWIFT_STANDARD_LIBRARIES = YES;
				BUNDLE_LOADER = "$(TEST_HOST)";
				CLANG_ENABLE_MODULES = YES;
				CODE_SIGN_STYLE = Automatic;
				CURRENT_PROJECT_VERSION = 1;
				DEVELOPMENT_TEAM = ZHUB5Y443W;
				GENERATE_INFOPLIST_FILE = YES;
				IPHONEOS_DEPLOYMENT_TARGET = 17.4;
				MARKETING_VERSION = 1.0;
				PRODUCT_BUNDLE_IDENTIFIER = sneakerverseV2.SneakerverseV2Tests;
				PRODUCT_NAME = "$(TARGET_NAME)";
				SWIFT_EMIT_LOC_STRINGS = NO;
				SWIFT_OPTIMIZATION_LEVEL = "-Onone";
				SWIFT_VERSION = 5.0;
				TARGETED_DEVICE_FAMILY = "1,2";
				TEST_HOST = "$(BUILT_PRODUCTS_DIR)/SneakerverseV2.app/$(BUNDLE_EXECUTABLE_FOLDER_PATH)/SneakerverseV2";
			};
			name = Debug;
		};
		A547C46E2BE3BFE600272BB6 /* Release */ = {
			isa = XCBuildConfiguration;
			buildSettings = {
				ALWAYS_EMBED_SWIFT_STANDARD_LIBRARIES = YES;
				BUNDLE_LOADER = "$(TEST_HOST)";
				CLANG_ENABLE_MODULES = YES;
				CODE_SIGN_STYLE = Automatic;
				CURRENT_PROJECT_VERSION = 1;
				DEVELOPMENT_TEAM = ZHUB5Y443W;
				GENERATE_INFOPLIST_FILE = YES;
				IPHONEOS_DEPLOYMENT_TARGET = 17.4;
				MARKETING_VERSION = 1.0;
				PRODUCT_BUNDLE_IDENTIFIER = sneakerverseV2.SneakerverseV2Tests;
				PRODUCT_NAME = "$(TARGET_NAME)";
				SWIFT_EMIT_LOC_STRINGS = NO;
				SWIFT_VERSION = 5.0;
				TARGETED_DEVICE_FAMILY = "1,2";
				TEST_HOST = "$(BUILT_PRODUCTS_DIR)/SneakerverseV2.app/$(BUNDLE_EXECUTABLE_FOLDER_PATH)/SneakerverseV2";
			};
			name = Release;
		};
/* End XCBuildConfiguration section */

/* Begin XCConfigurationList section */
		A547C4402BE3BFE200272BB6 /* Build configuration list for PBXProject "SneakerverseV2" */ = {
			isa = XCConfigurationList;
			buildConfigurations = (
				A547C4672BE3BFE600272BB6 /* Debug */,
				A547C4682BE3BFE600272BB6 /* Release */,
			);
			defaultConfigurationIsVisible = 0;
			defaultConfigurationName = Release;
		};
		A547C4692BE3BFE600272BB6 /* Build configuration list for PBXNativeTarget "SneakerverseV2" */ = {
			isa = XCConfigurationList;
			buildConfigurations = (
				A547C46A2BE3BFE600272BB6 /* Debug */,
				A547C46B2BE3BFE600272BB6 /* Release */,
			);
			defaultConfigurationIsVisible = 0;
			defaultConfigurationName = Release;
		};
		A547C46C2BE3BFE600272BB6 /* Build configuration list for PBXNativeTarget "SneakerverseV2Tests" */ = {
			isa = XCConfigurationList;
			buildConfigurations = (
				A547C46D2BE3BFE600272BB6 /* Debug */,
				A547C46E2BE3BFE600272BB6 /* Release */,
			);
			defaultConfigurationIsVisible = 0;
			defaultConfigurationName = Release;
		};
/* End XCConfigurationList section */

/* Begin XCRemoteSwiftPackageReference section */
		A547C4722BE44D1300272BB6 /* XCRemoteSwiftPackageReference "firebase-ios-sdk" */ = {
			isa = XCRemoteSwiftPackageReference;
			repositoryURL = "https://github.com/firebase/firebase-ios-sdk";
			requirement = {
				kind = upToNextMajorVersion;
				minimumVersion = 10.25.0;
			};
		};
		A547C4772BE44D7900272BB6 /* XCRemoteSwiftPackageReference "GoogleSignIn-iOS" */ = {
			isa = XCRemoteSwiftPackageReference;
			repositoryURL = "https://github.com/google/GoogleSignIn-iOS";
			requirement = {
				kind = upToNextMajorVersion;
				minimumVersion = 7.1.0;
			};
		};
		A5BFF5A92BEE3AC900346373 /* XCRemoteSwiftPackageReference "swift-dotenv" */ = {
			isa = XCRemoteSwiftPackageReference;
			repositoryURL = "https://github.com/thebarndog/swift-dotenv";
			requirement = {
				kind = upToNextMajorVersion;
				minimumVersion = 2.0.1;
			};
		};
		A5BFF5AC2BEE3E4900346373 /* XCRemoteSwiftPackageReference "Alamofire" */ = {
			isa = XCRemoteSwiftPackageReference;
			repositoryURL = "https://github.com/Alamofire/Alamofire";
			requirement = {
				kind = upToNextMajorVersion;
				minimumVersion = 5.9.1;
			};
		};
/* End XCRemoteSwiftPackageReference section */

/* Begin XCSwiftPackageProductDependency section */
		A547C4732BE44D1300272BB6 /* FirebaseAuth */ = {
			isa = XCSwiftPackageProductDependency;
			package = A547C4722BE44D1300272BB6 /* XCRemoteSwiftPackageReference "firebase-ios-sdk" */;
			productName = FirebaseAuth;
		};
		A547C4752BE44D1300272BB6 /* FirebaseFirestore */ = {
			isa = XCSwiftPackageProductDependency;
			package = A547C4722BE44D1300272BB6 /* XCRemoteSwiftPackageReference "firebase-ios-sdk" */;
			productName = FirebaseFirestore;
		};
		A547C4782BE44D7900272BB6 /* GoogleSignIn */ = {
			isa = XCSwiftPackageProductDependency;
			package = A547C4772BE44D7900272BB6 /* XCRemoteSwiftPackageReference "GoogleSignIn-iOS" */;
			productName = GoogleSignIn;
		};
		A547C47A2BE44D7900272BB6 /* GoogleSignInSwift */ = {
			isa = XCSwiftPackageProductDependency;
			package = A547C4772BE44D7900272BB6 /* XCRemoteSwiftPackageReference "GoogleSignIn-iOS" */;
			productName = GoogleSignInSwift;
		};
		A5BFF5AA2BEE3AC900346373 /* SwiftDotenv */ = {
			isa = XCSwiftPackageProductDependency;
			package = A5BFF5A92BEE3AC900346373 /* XCRemoteSwiftPackageReference "swift-dotenv" */;
			productName = SwiftDotenv;
		};
		A5BFF5AD2BEE3E4A00346373 /* Alamofire */ = {
			isa = XCSwiftPackageProductDependency;
			package = A5BFF5AC2BEE3E4900346373 /* XCRemoteSwiftPackageReference "Alamofire" */;
			productName = Alamofire;
		};
/* End XCSwiftPackageProductDependency section */
	};
	rootObject = A547C43D2BE3BFE200272BB6 /* Project object */;
}
